Microsoft Visual Studio Solution File, Format Version 12.00
# Visual Studio Version 17
VisualStudioVersion = 17.5.2.0
MinimumVisualStudioVersion = 10.0.40219.1
Project("{FAE04EC0-301F-11D3-BF4B-00C04F79EFBC}") = "ChessCORE", "ChessCORE.csproj", "{46CDD5A7-BB4D-6B0B-468F-8E29811EFE04}"
EndProject
Global
	GlobalSection(SolutionConfigurationPlatforms) = preSolution
		Debug|Any CPU = Debug|Any CPU
		Release|Any CPU = Release|Any CPU
	EndGlobalSection
	GlobalSection(ProjectConfigurationPlatforms) = postSolution
		{46CDD5A7-BB4D-6B0B-468F-8E29811EFE04}.Debug|Any CPU.ActiveCfg = Debug|Any CPU
		{46CDD5A7-BB4D-6B0B-468F-8E29811EFE04}.Debug|Any CPU.Build.0 = Debug|Any CPU
		{46CDD5A7-BB4D-6B0B-468F-8E29811EFE04}.Release|Any CPU.ActiveCfg = Release|Any CPU
		{46CDD5A7-BB4D-6B0B-468F-8E29811EFE04}.Release|Any CPU.Build.0 = Release|Any CPU
	EndGlobalSection
	GlobalSection(SolutionProperties) = preSolution
		HideSolutionNode = FALSE
	EndGlobalSection
	GlobalSection(ExtensibilityGlobals) = postSolution
		SolutionGuid = {6F7B6ED8-8848-487D-A8CF-F85D5C78938C}
	EndGlobalSection
EndGlobal
